
Microsoft Visual Studio Solution File, Format Version 10.00
# Visual Studio 2008
Project("{F184B08F-C81C-45F6-A57F-5ABD9991F28F}") = "Accounting System", "Accounting System\Accounting System.vbproj", "{2954921A-FCF7-421C-BC96-05D6F30058BD}"
EndProject
Global
	GlobalSection(SolutionConfigurationPlatforms) = preSolution
		Debug|Any CPU = Debug|Any CPU
		Release|Any CPU = Release|Any CPU
	EndGlobalSection
	GlobalSection(ProjectConfigurationPlatforms) = postSolution
		{2954921A-FCF7-421C-BC96-05D6F30058BD}.Debug|Any CPU.ActiveCfg = Debug|Any CPU
		{2954921A-FCF7-421C-BC96-05D6F30058BD}.Debug|Any CPU.Build.0 = Debug|Any CPU
		{2954921A-FCF7-421C-BC96-05D6F30058BD}.Release|Any CPU.ActiveCfg = Release|Any CPU
		{2954921A-FCF7-421C-BC96-05D6F30058BD}.Release|Any CPU.Build.0 = Release|Any CPU
	EndGlobalSection
	GlobalSection(SolutionProperties) = preSolution
		HideSolutionNode = FALSE
	EndGlobalSection
EndGlobal
